{
  "name": "dianCai",
  "version": "1.0.0",
  "lockfileVersion": 3,
  "requires": true,
  "packages": {
    "": {
      "name": "dianCai",
      "version": "1.0.0",
      "dependencies": {
        "tdesign-miniprogram": "^1.9.0"
      }
    },
    "node_modules/tdesign-miniprogram": {
      "version": "1.14.0",
      "resolved": "https://registry.npmjs.org/tdesign-miniprogram/-/tdesign-miniprogram-1.14.0.tgz",
      "integrity": "sha512-uWzUKebTGjRyQem1rFhD6V/OQ+IpD0S3clFUqeN5IrFxFM59XfNZ/ifTZoVHFhDOG769iI5Gvwfu+BX7kW9vrQ==",
      "license": "MIT"
    }
  }
}
